// !$*UTF8*$!
{
	archiveVersion = 1;
	classes = {
	};
	objectVersion = 46;
	objects = {

/* Begin PBXBuildFile section */
		880CD7D41F096223005F99AB /* main.m in Sources */ = {isa = PBXBuildFile; fileRef = 880CD7D31F096223005F99AB /* main.m */; };
		880CD7DC1F096247005F99AB /* InputCollector.m in Sources */ = {isa = PBXBuildFile; fileRef = 880CD7DB1F096247005F99AB /* InputCollector.m */; };
		880CD7DF1F096256005F99AB /* Pizza.m in Sources */ = {isa = PBXBuildFile; fileRef = 880CD7DE1F096256005F99AB /* Pizza.m */; };
		880CD7E21F096260005F99AB /* Kitchen.m in Sources */ = {isa = PBXBuildFile; fileRef = 880CD7E11F096260005F99AB /* Kitchen.m */; };
		88F263EC1F0991FD009B3E17 /* Manager.m in Sources */ = {isa = PBXBuildFile; fileRef = 88F263EB1F0991FD009B3E17 /* Manager.m */; };
		88F263EF1F0993DA009B3E17 /* CheeryManager.m in Sources */ = {isa = PBXBuildFile; fileRef = 88F263EE1F0993DA009B3E17 /* CheeryManager.m */; };
/* End PBXBuildFile section */

/* Begin PBXCopyFilesBuildPhase section */
		880CD7CE1F096223005F99AB /* CopyFiles */ = {
			isa = PBXCopyFilesBuildPhase;
			buildActionMask = 2147483647;
			dstPath = /usr/share/man/man1/;
			dstSubfolderSpec = 0;
			files = (
			);
			runOnlyForDeploymentPostprocessing = 1;
		};
/* End PBXCopyFilesBuildPhase section */

/* Begin PBXFileReference section */
		880CD7D01F096223005F99AB /* w1d5_pizzaRestaurant_delegates */ = {isa = PBXFileReference; explicitFileType = "compiled.mach-o.executable"; includeInIndex = 0; path = w1d5_pizzaRestaurant_delegates; sourceTree = BUILT_PRODUCTS_DIR; };
		880CD7D31F096223005F99AB /* main.m */ = {isa = PBXFileReference; lastKnownFileType = sourcecode.c.objc; path = main.m; sourceTree = "<group>"; };
		880CD7DA1F096247005F99AB /* InputCollector.h */ = {isa = PBXFileReference; fileEncoding = 4; lastKnownFileType = sourcecode.c.h; path = InputCollector.h; sourceTree = "<group>"; };
		880CD7DB1F096247005F99AB /* InputCollector.m */ = {isa = PBXFileReference; fileEncoding = 4; lastKnownFileType = sourcecode.c.objc; path = InputCollector.m; sourceTree = "<group>"; };
		880CD7DD1F096256005F99AB /* Pizza.h */ = {isa = PBXFileReference; fileEncoding = 4; lastKnownFileType = sourcecode.c.h; path = Pizza.h; sourceTree = "<group>"; };
		880CD7DE1F096256005F99AB /* Pizza.m */ = {isa = PBXFileReference; fileEncoding = 4; lastKnownFileType = sourcecode.c.objc; path = Pizza.m; sourceTree = "<group>"; };
		880CD7E01F096260005F99AB /* Kitchen.h */ = {isa = PBXFileReference; fileEncoding = 4; lastKnownFileType = sourcecode.c.h; path = Kitchen.h; sourceTree = "<group>"; };
		880CD7E11F096260005F99AB /* Kitchen.m */ = {isa = PBXFileReference; fileEncoding = 4; lastKnownFileType = sourcecode.c.objc; path = Kitchen.m; sourceTree = "<group>"; };
		88F263E91F098225009B3E17 /* KitchenDelegate.h */ = {isa = PBXFileReference; lastKnownFileType = sourcecode.c.h; path = KitchenDelegate.h; sourceTree = "<group>"; };
		88F263EA1F0991FD009B3E17 /* Manager.h */ = {isa = PBXFileReference; fileEncoding = 4; lastKnownFileType = sourcecode.c.h; path = Manager.h; sourceTree = "<group>"; };
		88F263EB1F0991FD009B3E17 /* Manager.m */ = {isa = PBXFileReference; fileEncoding = 4; lastKnownFileType = sourcecode.c.objc; path = Manager.m; sourceTree = "<group>"; };
		88F263ED1F0993DA009B3E17 /* CheeryManager.h */ = {isa = PBXFileReference; fileEncoding = 4; lastKnownFileType = sourcecode.c.h; path = CheeryManager.h; sourceTree = "<group>"; };
		88F263EE1F0993DA009B3E17 /* CheeryManager.m */ = {isa = PBXFileReference; fileEncoding = 4; lastKnownFileType = sourcecode.c.objc; path = CheeryManager.m; sourceTree = "<group>"; };
/* End PBXFileReference section */

/* Begin PBXFrameworksBuildPhase section */
		880CD7CD1F096223005F99AB /* Frameworks */ = {
			isa = PBXFrameworksBuildPhase;
			buildActionMask = 2147483647;
			files = (
			);
			runOnlyForDeploymentPostprocessing = 0;
		};
/* End PBXFrameworksBuildPhase section */

/* Begin PBXGroup section */
		880CD7C71F096223005F99AB = {
			isa = PBXGroup;
			children = (
				880CD7D21F096223005F99AB /* w1d5_pizzaRestaurant_delegates */,
				880CD7D11F096223005F99AB /* Products */,
			);
			sourceTree = "<group>";
		};
		880CD7D11F096223005F99AB /* Products */ = {
			isa = PBXGroup;
			children = (
				880CD7D01F096223005F99AB /* w1d5_pizzaRestaurant_delegates */,
			);
			name = Products;
			sourceTree = "<group>";
		};
		880CD7D21F096223005F99AB /* w1d5_pizzaRestaurant_delegates */ = {
			isa = PBXGroup;
			children = (
				880CD7D31F096223005F99AB /* main.m */,
				88F263EA1F0991FD009B3E17 /* Manager.h */,
				88F263EB1F0991FD009B3E17 /* Manager.m */,
				88F263ED1F0993DA009B3E17 /* CheeryManager.h */,
				88F263EE1F0993DA009B3E17 /* CheeryManager.m */,
				88F263E91F098225009B3E17 /* KitchenDelegate.h */,
				880CD7E01F096260005F99AB /* Kitchen.h */,
				880CD7E11F096260005F99AB /* Kitchen.m */,
				880CD7DD1F096256005F99AB /* Pizza.h */,
				880CD7DE1F096256005F99AB /* Pizza.m */,
				880CD7DA1F096247005F99AB /* InputCollector.h */,
				880CD7DB1F096247005F99AB /* InputCollector.m */,
			);
			path = w1d5_pizzaRestaurant_delegates;
			sourceTree = "<group>";
		};
/* End PBXGroup section */

/* Begin PBXNativeTarget section */
		880CD7CF1F096223005F99AB /* w1d5_pizzaRestaurant_delegates */ = {
			isa = PBXNativeTarget;
			buildConfigurationList = 880CD7D71F096223005F99AB /* Build configuration list for PBXNativeTarget "w1d5_pizzaRestaurant_delegates" */;
			buildPhases = (
				880CD7CC1F096223005F99AB /* Sources */,
				880CD7CD1F096223005F99AB /* Frameworks */,
				880CD7CE1F096223005F99AB /* CopyFiles */,
			);
			buildRules = (
			);
			dependencies = (
			);
			name = w1d5_pizzaRestaurant_delegates;
			productName = w1d5_pizzaRestaurant_delegates;
			productReference = 880CD7D01F096223005F99AB /* w1d5_pizzaRestaurant_delegates */;
			productType = "com.apple.product-type.tool";
		};
/* End PBXNativeTarget section */

/* Begin PBXProject section */
		880CD7C81F096223005F99AB /* Project object */ = {
			isa = PBXProject;
			attributes = {
				LastUpgradeCheck = 0830;
				ORGANIZATIONNAME = Seantastic31;
				TargetAttributes = {
					880CD7CF1F096223005F99AB = {
						CreatedOnToolsVersion = 8.3.3;
						ProvisioningStyle = Automatic;
					};
				};
			};
			buildConfigurationList = 880CD7CB1F096223005F99AB /* Build configuration list for PBXProject "w1d5_pizzaRestaurant_delegates" */;
			compatibilityVersion = "Xcode 3.2";
			developmentRegion = English;
			hasScannedForEncodings = 0;
			knownRegions = (
				en,
			);
			mainGroup = 880CD7C71F096223005F99AB;
			productRefGroup = 880CD7D11F096223005F99AB /* Products */;
			projectDirPath = "";
			projectRoot = "";
			targets = (
				880CD7CF1F096223005F99AB /* w1d5_pizzaRestaurant_delegates */,
			);
		};
/* End PBXProject section */

/* Begin PBXSourcesBuildPhase section */
		880CD7CC1F096223005F99AB /* Sources */ = {
			isa = PBXSourcesBuildPhase;
			buildActionMask = 2147483647;
			files = (
				880CD7DF1F096256005F99AB /* Pizza.m in Sources */,
				880CD7DC1F096247005F99AB /* InputCollector.m in Sources */,
				880CD7E21F096260005F99AB /* Kitchen.m in Sources */,
				88F263EF1F0993DA009B3E17 /* CheeryManager.m in Sources */,
				88F263EC1F0991FD009B3E17 /* Manager.m in Sources */,
				880CD7D41F096223005F99AB /* main.m in Sources */,
			);
			runOnlyForDeploymentPostprocessing = 0;
		};
/* End PBXSourcesBuildPhase section */

/* Begin XCBuildConfiguration section */
		880CD7D51F096223005F99AB /* Debug */ = {
			isa = XCBuildConfiguration;
			buildSettings = {
				ALWAYS_SEARCH_USER_PATHS = NO;
				CLANG_ANALYZER_NONNULL = YES;
				CLANG_ANALYZER_NUMBER_OBJECT_CONVERSION = YES_AGGRESSIVE;
				CLANG_CXX_LANGUAGE_STANDARD = "gnu++0x";
				CLANG_CXX_LIBRARY = "libc++";
				CLANG_ENABLE_MODULES = YES;
				CLANG_ENABLE_OBJC_ARC = YES;
				CLANG_WARN_BOOL_CONVERSION = YES;
				CLANG_WARN_CONSTANT_CONVERSION = YES;
				CLANG_WARN_DIRECT_OBJC_ISA_USAGE = YES_ERROR;
				CLANG_WARN_DOCUMENTATION_COMMENTS = YES;
				CLANG_WARN_EMPTY_BODY = YES;
				CLANG_WARN_ENUM_CONVERSION = YES;
				CLANG_WARN_INFINITE_RECURSION = YES;
				CLANG_WARN_INT_CONVERSION = YES;
				CLANG_WARN_OBJC_ROOT_CLASS = YES_ERROR;
				CLANG_WARN_SUSPICIOUS_MOVE = YES;
				CLANG_WARN_UNREACHABLE_CODE = YES;
				CLANG_WARN__DUPLICATE_METHOD_MATCH = YES;
				CODE_SIGN_IDENTITY = "-";
				COPY_PHASE_STRIP = NO;
				DEBUG_INFORMATION_FORMAT = dwarf;
				ENABLE_STRICT_OBJC_MSGSEND = YES;
				ENABLE_TESTABILITY = YES;
				GCC_C_LANGUAGE_STANDARD = gnu99;
				GCC_DYNAMIC_NO_PIC = NO;
				GCC_NO_COMMON_BLOCKS = YES;
				GCC_OPTIMIZATION_LEVEL = 0;
				GCC_PREPROCESSOR_DEFINITIONS = (
					"DEBUG=1",
					"$(inherited)",
				);
				GCC_WARN_64_TO_32_BIT_CONVERSION = YES;
				GCC_WARN_ABOUT_RETURN_TYPE = YES_ERROR;
				GCC_WARN_UNDECLARED_SELECTOR = YES;
				GCC_WARN_UNINITIALIZED_AUTOS = YES_AGGRESSIVE;
				GCC_WARN_UNUSED_FUNCTION = YES;
				GCC_WARN_UNUSED_VARIABLE = YES;
				MACOSX_DEPLOYMENT_TARGET = 10.12;
				MTL_ENABLE_DEBUG_INFO = YES;
				ONLY_ACTIVE_ARCH = YES;
				SDKROOT = macosx;
			};
			name = Debug;
		};
		880CD7D61F096223005F99AB /* Release */ = {
			isa = XCBuildConfiguration;
			buildSettings = {
				ALWAYS_SEARCH_USER_PATHS = NO;
				CLANG_ANALYZER_NONNULL = YES;
				CLANG_ANALYZER_NUMBER_OBJECT_CONVERSION = YES_AGGRESSIVE;
				CLANG_CXX_LANGUAGE_STANDARD = "gnu++0x";
				CLANG_CXX_LIBRARY = "libc++";
				CLANG_ENABLE_MODULES = YES;
				CLANG_ENABLE_OBJC_ARC = YES;
				CLANG_WARN_BOOL_CONVERSION = YES;
				CLANG_WARN_CONSTANT_CONVERSION = YES;
				CLANG_WARN_DIRECT_OBJC_ISA_USAGE = YES_ERROR;
				CLANG_WARN_DOCUMENTATION_COMMENTS = YES;
				CLANG_WARN_EMPTY_BODY = YES;
				CLANG_WARN_ENUM_CONVERSION = YES;
				CLANG_WARN_INFINITE_RECURSION = YES;
				CLANG_WARN_INT_CONVERSION = YES;
				CLANG_WARN_OBJC_ROOT_CLASS = YES_ERROR;
				CLANG_WARN_SUSPICIOUS_MOVE = YES;
				CLANG_WARN_UNREACHABLE_CODE = YES;
				CLANG_WARN__DUPLICATE_METHOD_MATCH = YES;
				CODE_SIGN_IDENTITY = "-";
				COPY_PHASE_STRIP = NO;
				DEBUG_INFORMATION_FORMAT = "dwarf-with-dsym";
				ENABLE_NS_ASSERTIONS = NO;
				ENABLE_STRICT_OBJC_MSGSEND = YES;
				GCC_C_LANGUAGE_STANDARD = gnu99;
				GCC_NO_COMMON_BLOCKS = YES;
				GCC_WARN_64_TO_32_BIT_CONVERSION = YES;
				GCC_WARN_ABOUT_RETURN_TYPE = YES_ERROR;
				GCC_WARN_UNDECLARED_SELECTOR = YES;
				GCC_WARN_UNINITIALIZED_AUTOS = YES_AGGRESSIVE;
				GCC_WARN_UNUSED_FUNCTION = YES;
				GCC_WARN_UNUSED_VARIABLE = YES;
				MACOSX_DEPLOYMENT_TARGET = 10.12;
				MTL_ENABLE_DEBUG_INFO = NO;
				SDKROOT = macosx;
			};
			name = Release;
		};
		880CD7D81F096223005F99AB /* Debug */ = {
			isa = XCBuildConfiguration;
			buildSettings = {
				PRODUCT_NAME = "$(TARGET_NAME)";
			};
			name = Debug;
		};
		880CD7D91F096223005F99AB /* Release */ = {
			isa = XCBuildConfiguration;
			buildSettings = {
				PRODUCT_NAME = "$(TARGET_NAME)";
			};
			name = Release;
		};
/* End XCBuildConfiguration section */

/* Begin XCConfigurationList section */
		880CD7CB1F096223005F99AB /* Build configuration list for PBXProject "w1d5_pizzaRestaurant_delegates" */ = {
			isa = XCConfigurationList;
			buildConfigurations = (
				880CD7D51F096223005F99AB /* Debug */,
				880CD7D61F096223005F99AB /* Release */,
			);
			defaultConfigurationIsVisible = 0;
			defaultConfigurationName = Release;
		};
		880CD7D71F096223005F99AB /* Build configuration list for PBXNativeTarget "w1d5_pizzaRestaurant_delegates" */ = {
			isa = XCConfigurationList;
			buildConfigurations = (
				880CD7D81F096223005F99AB /* Debug */,
				880CD7D91F096223005F99AB /* Release */,
			);
			defaultConfigurationIsVisible = 0;
			defaultConfigurationName = Release;
		};
/* End XCConfigurationList section */
	};
	rootObject = 880CD7C81F096223005F99AB /* Project object */;
}
